
Microsoft Visual Studio Solution File, Format Version 12.00
# Visual Studio Version 17
VisualStudioVersion = 17.3.32825.248
MinimumVisualStudioVersion = 10.0.40219.1
Project("{9A19103F-16F7-4668-BE54-9A1E7A4F7556}") = "PROYECTO_APP-BusCar.DOMAIN", "PROYECTO_APP-BusCar.DOMAIN\PROYECTO_APP-BusCar.DOMAIN.csproj", "{1C0B774E-B725-43E6-8347-7A427C19F9D9}"
EndProject
Project("{FAE04EC0-301F-11D3-BF4B-00C04F79EFBC}") = "PROYECTO_APP-BusCar.API", "PROYECTO_APP-BusCar.API\PROYECTO_APP-BusCar.API.csproj", "{C4CBECEB-D976-49E8-B212-770E1E59D75B}"
EndProject
Global
	GlobalSection(SolutionConfigurationPlatforms) = preSolution
		Debug|Any CPU = Debug|Any CPU
		Release|Any CPU = Release|Any CPU
	EndGlobalSection
	GlobalSection(ProjectConfigurationPlatforms) = postSolution
		{1C0B774E-B725-43E6-8347-7A427C19F9D9}.Debug|Any CPU.ActiveCfg = Debug|Any CPU
		{1C0B774E-B725-43E6-8347-7A427C19F9D9}.Debug|Any CPU.Build.0 = Debug|Any CPU
		{1C0B774E-B725-43E6-8347-7A427C19F9D9}.Release|Any CPU.ActiveCfg = Release|Any CPU
		{1C0B774E-B725-43E6-8347-7A427C19F9D9}.Release|Any CPU.Build.0 = Release|Any CPU
		{C4CBECEB-D976-49E8-B212-770E1E59D75B}.Debug|Any CPU.ActiveCfg = Debug|Any CPU
		{C4CBECEB-D976-49E8-B212-770E1E59D75B}.Debug|Any CPU.Build.0 = Debug|Any CPU
		{C4CBECEB-D976-49E8-B212-770E1E59D75B}.Release|Any CPU.ActiveCfg = Release|Any CPU
		{C4CBECEB-D976-49E8-B212-770E1E59D75B}.Release|Any CPU.Build.0 = Release|Any CPU
	EndGlobalSection
	GlobalSection(SolutionProperties) = preSolution
		HideSolutionNode = FALSE
	EndGlobalSection
	GlobalSection(ExtensibilityGlobals) = postSolution
		SolutionGuid = {B07B3390-82FE-42A6-88E5-8702051D545C}
	EndGlobalSection
EndGlobal
